
Microsoft Visual Studio Solution File, Format Version 12.00
# Visual Studio Version 16
VisualStudioVersion = 16.0.30523.141
MinimumVisualStudioVersion = 10.0.40219.1
Project("{9A19103F-16F7-4668-BE54-9A1E7A4F7556}") = "BusinessLayer", "BusinessLayer\BusinessLayer.csproj", "{C9268ABE-ECAF-48D2-8AF4-E78D2DFCDB02}"
EndProject
Project("{9A19103F-16F7-4668-BE54-9A1E7A4F7556}") = "UnitTestDomainLayer", "UnitTestDomainLayer\UnitTestDomainLayer.csproj", "{0E939BAF-8D74-4E43-9A0A-0508BED131BC}"
EndProject
Project("{9A19103F-16F7-4668-BE54-9A1E7A4F7556}") = "ConsoleAppKlantBestellingen", "ConsoleAppKlantBestellingen\ConsoleAppKlantBestellingen.csproj", "{2AB57E12-1F8F-4E6B-9BF2-ECF254DD66A6}"
EndProject
Project("{9A19103F-16F7-4668-BE54-9A1E7A4F7556}") = "KlantBestellingen.WPF", "KlantBestellingen.WPF\KlantBestellingen.WPF.csproj", "{E40D15DD-8236-4B21-8503-1AEEA2CC4DB5}"
EndProject
Project("{2150E333-8FDC-42A3-9474-1A3956D46DE8}") = "Solution Items", "Solution Items", "{4C4F84AA-CC9C-4B16-830F-A71B6A2B2B13}"
	ProjectSection(SolutionItems) = preProject
		db.txt = db.txt
	EndProjectSection
EndProject
Project("{9A19103F-16F7-4668-BE54-9A1E7A4F7556}") = "EntityFrameworkRepository", "EntityFrameworkRepository\EntityFrameworkRepository.csproj", "{165D208F-E4DB-4916-8AFC-324CA2104F68}"
EndProject
Global
	GlobalSection(SolutionConfigurationPlatforms) = preSolution
		Debug|Any CPU = Debug|Any CPU
		Release|Any CPU = Release|Any CPU
	EndGlobalSection
	GlobalSection(ProjectConfigurationPlatforms) = postSolution
		{C9268ABE-ECAF-48D2-8AF4-E78D2DFCDB02}.Debug|Any CPU.ActiveCfg = Debug|Any CPU
		{C9268ABE-ECAF-48D2-8AF4-E78D2DFCDB02}.Debug|Any CPU.Build.0 = Debug|Any CPU
		{C9268ABE-ECAF-48D2-8AF4-E78D2DFCDB02}.Release|Any CPU.ActiveCfg = Release|Any CPU
		{C9268ABE-ECAF-48D2-8AF4-E78D2DFCDB02}.Release|Any CPU.Build.0 = Release|Any CPU
		{0E939BAF-8D74-4E43-9A0A-0508BED131BC}.Debug|Any CPU.ActiveCfg = Debug|Any CPU
		{0E939BAF-8D74-4E43-9A0A-0508BED131BC}.Debug|Any CPU.Build.0 = Debug|Any CPU
		{0E939BAF-8D74-4E43-9A0A-0508BED131BC}.Release|Any CPU.ActiveCfg = Release|Any CPU
		{0E939BAF-8D74-4E43-9A0A-0508BED131BC}.Release|Any CPU.Build.0 = Release|Any CPU
		{2AB57E12-1F8F-4E6B-9BF2-ECF254DD66A6}.Debug|Any CPU.ActiveCfg = Debug|Any CPU
		{2AB57E12-1F8F-4E6B-9BF2-ECF254DD66A6}.Debug|Any CPU.Build.0 = Debug|Any CPU
		{2AB57E12-1F8F-4E6B-9BF2-ECF254DD66A6}.Release|Any CPU.ActiveCfg = Release|Any CPU
		{2AB57E12-1F8F-4E6B-9BF2-ECF254DD66A6}.Release|Any CPU.Build.0 = Release|Any CPU
		{E40D15DD-8236-4B21-8503-1AEEA2CC4DB5}.Debug|Any CPU.ActiveCfg = Debug|Any CPU
		{E40D15DD-8236-4B21-8503-1AEEA2CC4DB5}.Debug|Any CPU.Build.0 = Debug|Any CPU
		{E40D15DD-8236-4B21-8503-1AEEA2CC4DB5}.Release|Any CPU.ActiveCfg = Release|Any CPU
		{E40D15DD-8236-4B21-8503-1AEEA2CC4DB5}.Release|Any CPU.Build.0 = Release|Any CPU
		{165D208F-E4DB-4916-8AFC-324CA2104F68}.Debug|Any CPU.ActiveCfg = Debug|Any CPU
		{165D208F-E4DB-4916-8AFC-324CA2104F68}.Debug|Any CPU.Build.0 = Debug|Any CPU
		{165D208F-E4DB-4916-8AFC-324CA2104F68}.Release|Any CPU.ActiveCfg = Release|Any CPU
		{165D208F-E4DB-4916-8AFC-324CA2104F68}.Release|Any CPU.Build.0 = Release|Any CPU
	EndGlobalSection
	GlobalSection(SolutionProperties) = preSolution
		HideSolutionNode = FALSE
	EndGlobalSection
	GlobalSection(ExtensibilityGlobals) = postSolution
		SolutionGuid = {13031803-15C8-45EE-8358-DE57ECAA639E}
	EndGlobalSection
EndGlobal
